
Microsoft Visual Studio Solution File, Format Version 12.00
# Visual Studio Version 17
VisualStudioVersion = 17.4.33205.214
MinimumVisualStudioVersion = 10.0.40219.1
Project("{9A19103F-16F7-4668-BE54-9A1E7A4F7556}") = "CIPLib", "CIPLib\CIPLib.csproj", "{15A455E2-8215-4BFC-A611-F9EBBC7FE1DC}"
EndProject
Project("{9A19103F-16F7-4668-BE54-9A1E7A4F7556}") = "CorpusStudio", "CorpusStudio\CorpusStudio.csproj", "{EACF42C7-C9CB-4566-A787-B027018935FD}"
	ProjectSection(ProjectDependencies) = postProject
		{15A455E2-8215-4BFC-A611-F9EBBC7FE1DC} = {15A455E2-8215-4BFC-A611-F9EBBC7FE1DC}
	EndProjectSection
EndProject
Global
	GlobalSection(SolutionConfigurationPlatforms) = preSolution
		Debug|Any CPU = Debug|Any CPU
		Release|Any CPU = Release|Any CPU
	EndGlobalSection
	GlobalSection(ProjectConfigurationPlatforms) = postSolution
		{15A455E2-8215-4BFC-A611-F9EBBC7FE1DC}.Debug|Any CPU.ActiveCfg = Debug|Any CPU
		{15A455E2-8215-4BFC-A611-F9EBBC7FE1DC}.Debug|Any CPU.Build.0 = Debug|Any CPU
		{15A455E2-8215-4BFC-A611-F9EBBC7FE1DC}.Release|Any CPU.ActiveCfg = Release|Any CPU
		{15A455E2-8215-4BFC-A611-F9EBBC7FE1DC}.Release|Any CPU.Build.0 = Release|Any CPU
		{EACF42C7-C9CB-4566-A787-B027018935FD}.Debug|Any CPU.ActiveCfg = Debug|Any CPU
		{EACF42C7-C9CB-4566-A787-B027018935FD}.Debug|Any CPU.Build.0 = Debug|Any CPU
		{EACF42C7-C9CB-4566-A787-B027018935FD}.Release|Any CPU.ActiveCfg = Release|Any CPU
		{EACF42C7-C9CB-4566-A787-B027018935FD}.Release|Any CPU.Build.0 = Release|Any CPU
	EndGlobalSection
	GlobalSection(SolutionProperties) = preSolution
		HideSolutionNode = FALSE
	EndGlobalSection
	GlobalSection(ExtensibilityGlobals) = postSolution
		SolutionGuid = {B14DB6F5-126D-4784-AE39-C0F80798803D}
	EndGlobalSection
EndGlobal
