
Microsoft Visual Studio Solution File, Format Version 12.00
# Visual Studio Version 16
VisualStudioVersion = 16.0.31112.23
MinimumVisualStudioVersion = 10.0.40219.1
Project("{FAE04EC0-301F-11D3-BF4B-00C04F79EFBC}") = "LingStudioWinFormsApp", "LingStudioWinFormsApp\LingStudioWinFormsApp.csproj", "{68F2F143-FA9C-4EC7-A334-C4118D30544A}"
EndProject
Global
	GlobalSection(SolutionConfigurationPlatforms) = preSolution
		Debug|Any CPU = Debug|Any CPU
		Release|Any CPU = Release|Any CPU
	EndGlobalSection
	GlobalSection(ProjectConfigurationPlatforms) = postSolution
		{68F2F143-FA9C-4EC7-A334-C4118D30544A}.Debug|Any CPU.ActiveCfg = Debug|Any CPU
		{68F2F143-FA9C-4EC7-A334-C4118D30544A}.Debug|Any CPU.Build.0 = Debug|Any CPU
		{68F2F143-FA9C-4EC7-A334-C4118D30544A}.Release|Any CPU.ActiveCfg = Release|Any CPU
		{68F2F143-FA9C-4EC7-A334-C4118D30544A}.Release|Any CPU.Build.0 = Release|Any CPU
	EndGlobalSection
	GlobalSection(SolutionProperties) = preSolution
		HideSolutionNode = FALSE
	EndGlobalSection
	GlobalSection(ExtensibilityGlobals) = postSolution
		SolutionGuid = {B14DB6F5-126D-4784-AE39-C0F80798803D}
	EndGlobalSection
EndGlobal
